{
  "name": "@jthiruveedula/agentkit",
  "version": "0.5.1",
  "lockfileVersion": 3,
  "requires": true,
  "packages": {
    "": {
      "name": "@jthiruveedula/agentkit",
      "version": "0.5.1",
      "license": "MIT",
      "bin": {
        "agentkit": "bin/agentkit.js"
      },
      "engines": {
        "node": ">=14"
      }
    }
  }
}
